
Microsoft Visual Studio Solution File, Format Version 12.00
# Visual Studio Version 17
VisualStudioVersion = 17.8.34330.188
MinimumVisualStudioVersion = 10.0.40219.1
Project("{FAE04EC0-301F-11D3-BF4B-00C04F79EFBC}") = "TestProject1", "TestProject1.csproj", "{6DB798F0-61C0-415F-BD0F-8412022632EE}"
EndProject
Global
	GlobalSection(SolutionConfigurationPlatforms) = preSolution
		Debug|Any CPU = Debug|Any CPU
		Release|Any CPU = Release|Any CPU
	EndGlobalSection
	GlobalSection(ProjectConfigurationPlatforms) = postSolution
		{6DB798F0-61C0-415F-BD0F-8412022632EE}.Debug|Any CPU.ActiveCfg = Debug|Any CPU
		{6DB798F0-61C0-415F-BD0F-8412022632EE}.Debug|Any CPU.Build.0 = Debug|Any CPU
		{6DB798F0-61C0-415F-BD0F-8412022632EE}.Release|Any CPU.ActiveCfg = Release|Any CPU
		{6DB798F0-61C0-415F-BD0F-8412022632EE}.Release|Any CPU.Build.0 = Release|Any CPU
	EndGlobalSection
	GlobalSection(SolutionProperties) = preSolution
		HideSolutionNode = FALSE
	EndGlobalSection
	GlobalSection(ExtensibilityGlobals) = postSolution
		SolutionGuid = {04D798F6-87D4-4097-B0AC-68E4ED8C917D}
	EndGlobalSection
EndGlobal
